
Microsoft Visual Studio Solution File, Format Version 12.00
# Visual Studio Version 16
VisualStudioVersion = 16.0.31727.386
MinimumVisualStudioVersion = 10.0.40219.1
Project("{FAE04EC0-301F-11D3-BF4B-00C04F79EFBC}") = "oop-lesson5-eighball", "oop-lesson5-eighball.csproj", "{8B031C63-E9C8-4D57-948F-1D281B4C97A7}"
EndProject
Global
	GlobalSection(SolutionConfigurationPlatforms) = preSolution
		Debug|Any CPU = Debug|Any CPU
		Release|Any CPU = Release|Any CPU
	EndGlobalSection
	GlobalSection(ProjectConfigurationPlatforms) = postSolution
		{8B031C63-E9C8-4D57-948F-1D281B4C97A7}.Debug|Any CPU.ActiveCfg = Debug|Any CPU
		{8B031C63-E9C8-4D57-948F-1D281B4C97A7}.Debug|Any CPU.Build.0 = Debug|Any CPU
		{8B031C63-E9C8-4D57-948F-1D281B4C97A7}.Release|Any CPU.ActiveCfg = Release|Any CPU
		{8B031C63-E9C8-4D57-948F-1D281B4C97A7}.Release|Any CPU.Build.0 = Release|Any CPU
	EndGlobalSection
	GlobalSection(SolutionProperties) = preSolution
		HideSolutionNode = FALSE
	EndGlobalSection
	GlobalSection(ExtensibilityGlobals) = postSolution
		SolutionGuid = {81A6529A-E306-4783-A278-A684BAC12AE5}
	EndGlobalSection
EndGlobal
